// !$*UTF8*$!
{
	archiveVersion = 1;
	classes = {
	};
	objectVersion = 51;
	objects = {

/* Begin PBXBuildFile section */
		975CA8ADEC23FB58B63F7ECB /* Pods_git_testTask.framework in Frameworks */ = {isa = PBXBuildFile; fileRef = 5FA9E69FB1D5C1DDDDD93767 /* Pods_git_testTask.framework */; };
		B7F03F5C249FC0CF0015619A /* AppDelegate.swift in Sources */ = {isa = PBXBuildFile; fileRef = B7F03F5B249FC0CF0015619A /* AppDelegate.swift */; };
		B7F03F63249FC0CF0015619A /* Main.storyboard in Resources */ = {isa = PBXBuildFile; fileRef = B7F03F61249FC0CF0015619A /* Main.storyboard */; };
		B7F03F68249FC0D20015619A /* Assets.xcassets in Resources */ = {isa = PBXBuildFile; fileRef = B7F03F67249FC0D20015619A /* Assets.xcassets */; };
		B7F03F6B249FC0D20015619A /* LaunchScreen.storyboard in Resources */ = {isa = PBXBuildFile; fileRef = B7F03F69249FC0D20015619A /* LaunchScreen.storyboard */; };
		B7F03F77249FC1760015619A /* RepositoryAPIClient.swift in Sources */ = {isa = PBXBuildFile; fileRef = B7F03F76249FC1760015619A /* RepositoryAPIClient.swift */; };
		B7F03F79249FC17D0015619A /* RepositoryAPIResponse.swift in Sources */ = {isa = PBXBuildFile; fileRef = B7F03F78249FC17D0015619A /* RepositoryAPIResponse.swift */; };
		B7F03F7B249FC1820015619A /* RepositoryDataManager.swift in Sources */ = {isa = PBXBuildFile; fileRef = B7F03F7A249FC1820015619A /* RepositoryDataManager.swift */; };
		B7F03F7D249FC1880015619A /* DetailViewController.swift in Sources */ = {isa = PBXBuildFile; fileRef = B7F03F7C249FC1880015619A /* DetailViewController.swift */; };
		B7F03F7F249FC18C0015619A /* ViewController.swift in Sources */ = {isa = PBXBuildFile; fileRef = B7F03F7E249FC18C0015619A /* ViewController.swift */; };
		B7F03F81249FC1950015619A /* RepositoryPresenter.swift in Sources */ = {isa = PBXBuildFile; fileRef = B7F03F80249FC1950015619A /* RepositoryPresenter.swift */; };
		B7F03F83249FC1990015619A /* RepositoryPresenterProtocol.swift in Sources */ = {isa = PBXBuildFile; fileRef = B7F03F82249FC1990015619A /* RepositoryPresenterProtocol.swift */; };
		B7F03F85249FC1A00015619A /* RepositoryCellCollectionViewCell.swift in Sources */ = {isa = PBXBuildFile; fileRef = B7F03F84249FC1A00015619A /* RepositoryCellCollectionViewCell.swift */; };
		B7F03F87249FC1A50015619A /* RepositoryCellCollectionViewCell.xib in Resources */ = {isa = PBXBuildFile; fileRef = B7F03F86249FC1A50015619A /* RepositoryCellCollectionViewCell.xib */; };
		B7F03F9A249FC3F80015619A /* Repository+CoreDataClass.swift in Sources */ = {isa = PBXBuildFile; fileRef = B7F03F96249FC3F80015619A /* Repository+CoreDataClass.swift */; };
		B7F03F9B249FC3F80015619A /* Repository+CoreDataProperties.swift in Sources */ = {isa = PBXBuildFile; fileRef = B7F03F97249FC3F80015619A /* Repository+CoreDataProperties.swift */; };
		B7F03F9C249FC3F80015619A /* Owner+CoreDataClass.swift in Sources */ = {isa = PBXBuildFile; fileRef = B7F03F98249FC3F80015619A /* Owner+CoreDataClass.swift */; };
		B7F03F9D249FC3F80015619A /* Owner+CoreDataProperties.swift in Sources */ = {isa = PBXBuildFile; fileRef = B7F03F99249FC3F80015619A /* Owner+CoreDataProperties.swift */; };
		B7F03FA2249FCE540015619A /* Search+CoreDataClass.swift in Sources */ = {isa = PBXBuildFile; fileRef = B7F03F9E249FCBDB0015619A /* Search+CoreDataClass.swift */; };
		B7F03FA3249FCE570015619A /* Search+CoreDataProperties.swift in Sources */ = {isa = PBXBuildFile; fileRef = B7F03F9F249FCBDB0015619A /* Search+CoreDataProperties.swift */; };
		B7F03FA4249FD66D0015619A /* git_testTask.xcdatamodeld in Sources */ = {isa = PBXBuildFile; fileRef = B7F03F64249FC0CF0015619A /* git_testTask.xcdatamodeld */; };
		B7F03FA6249FF60A0015619A /* K.swift in Sources */ = {isa = PBXBuildFile; fileRef = B7F03FA5249FF60A0015619A /* K.swift */; };
/* End PBXBuildFile section */

/* Begin PBXFileReference section */
		5F91AF56322BFA04F13DF70C /* Pods-git_testTask.debug.xcconfig */ = {isa = PBXFileReference; includeInIndex = 1; lastKnownFileType = text.xcconfig; name = "Pods-git_testTask.debug.xcconfig"; path = "Target Support Files/Pods-git_testTask/Pods-git_testTask.debug.xcconfig"; sourceTree = "<group>"; };
		5FA9E69FB1D5C1DDDDD93767 /* Pods_git_testTask.framework */ = {isa = PBXFileReference; explicitFileType = wrapper.framework; includeInIndex = 0; path = Pods_git_testTask.framework; sourceTree = BUILT_PRODUCTS_DIR; };
		B7F03F58249FC0CF0015619A /* git_testTask.app */ = {isa = PBXFileReference; explicitFileType = wrapper.application; includeInIndex = 0; path = git_testTask.app; sourceTree = BUILT_PRODUCTS_DIR; };
		B7F03F5B249FC0CF0015619A /* AppDelegate.swift */ = {isa = PBXFileReference; lastKnownFileType = sourcecode.swift; path = AppDelegate.swift; sourceTree = "<group>"; };
		B7F03F62249FC0CF0015619A /* Base */ = {isa = PBXFileReference; lastKnownFileType = file.storyboard; name = Base; path = Base.lproj/Main.storyboard; sourceTree = "<group>"; };
		B7F03F65249FC0CF0015619A /* git_testTask.xcdatamodel */ = {isa = PBXFileReference; lastKnownFileType = wrapper.xcdatamodel; path = git_testTask.xcdatamodel; sourceTree = "<group>"; };
		B7F03F67249FC0D20015619A /* Assets.xcassets */ = {isa = PBXFileReference; lastKnownFileType = folder.assetcatalog; path = Assets.xcassets; sourceTree = "<group>"; };
		B7F03F6A249FC0D20015619A /* Base */ = {isa = PBXFileReference; lastKnownFileType = file.storyboard; name = Base; path = Base.lproj/LaunchScreen.storyboard; sourceTree = "<group>"; };
		B7F03F6C249FC0D20015619A /* Info.plist */ = {isa = PBXFileReference; lastKnownFileType = text.plist.xml; path = Info.plist; sourceTree = "<group>"; };
		B7F03F76249FC1760015619A /* RepositoryAPIClient.swift */ = {isa = PBXFileReference; fileEncoding = 4; lastKnownFileType = sourcecode.swift; path = RepositoryAPIClient.swift; sourceTree = "<group>"; };
		B7F03F78249FC17D0015619A /* RepositoryAPIResponse.swift */ = {isa = PBXFileReference; fileEncoding = 4; lastKnownFileType = sourcecode.swift; path = RepositoryAPIResponse.swift; sourceTree = "<group>"; };
		B7F03F7A249FC1820015619A /* RepositoryDataManager.swift */ = {isa = PBXFileReference; fileEncoding = 4; lastKnownFileType = sourcecode.swift; path = RepositoryDataManager.swift; sourceTree = "<group>"; };
		B7F03F7C249FC1880015619A /* DetailViewController.swift */ = {isa = PBXFileReference; fileEncoding = 4; lastKnownFileType = sourcecode.swift; path = DetailViewController.swift; sourceTree = "<group>"; };
		B7F03F7E249FC18C0015619A /* ViewController.swift */ = {isa = PBXFileReference; fileEncoding = 4; lastKnownFileType = sourcecode.swift; path = ViewController.swift; sourceTree = "<group>"; };
		B7F03F80249FC1950015619A /* RepositoryPresenter.swift */ = {isa = PBXFileReference; fileEncoding = 4; lastKnownFileType = sourcecode.swift; path = RepositoryPresenter.swift; sourceTree = "<group>"; };
		B7F03F82249FC1990015619A /* RepositoryPresenterProtocol.swift */ = {isa = PBXFileReference; fileEncoding = 4; lastKnownFileType = sourcecode.swift; path = RepositoryPresenterProtocol.swift; sourceTree = "<group>"; };
		B7F03F84249FC1A00015619A /* RepositoryCellCollectionViewCell.swift */ = {isa = PBXFileReference; fileEncoding = 4; lastKnownFileType = sourcecode.swift; path = RepositoryCellCollectionViewCell.swift; sourceTree = "<group>"; };
		B7F03F86249FC1A50015619A /* RepositoryCellCollectionViewCell.xib */ = {isa = PBXFileReference; fileEncoding = 4; lastKnownFileType = file.xib; path = RepositoryCellCollectionViewCell.xib; sourceTree = "<group>"; };
		B7F03F96249FC3F80015619A /* Repository+CoreDataClass.swift */ = {isa = PBXFileReference; lastKnownFileType = sourcecode.swift; path = "Repository+CoreDataClass.swift"; sourceTree = SOURCE_ROOT; };
		B7F03F97249FC3F80015619A /* Repository+CoreDataProperties.swift */ = {isa = PBXFileReference; lastKnownFileType = sourcecode.swift; path = "Repository+CoreDataProperties.swift"; sourceTree = SOURCE_ROOT; };
		B7F03F98249FC3F80015619A /* Owner+CoreDataClass.swift */ = {isa = PBXFileReference; lastKnownFileType = sourcecode.swift; path = "Owner+CoreDataClass.swift"; sourceTree = SOURCE_ROOT; };
		B7F03F99249FC3F80015619A /* Owner+CoreDataProperties.swift */ = {isa = PBXFileReference; lastKnownFileType = sourcecode.swift; path = "Owner+CoreDataProperties.swift"; sourceTree = SOURCE_ROOT; };
		B7F03F9E249FCBDB0015619A /* Search+CoreDataClass.swift */ = {isa = PBXFileReference; lastKnownFileType = sourcecode.swift; path = "Search+CoreDataClass.swift"; sourceTree = SOURCE_ROOT; };
		B7F03F9F249FCBDB0015619A /* Search+CoreDataProperties.swift */ = {isa = PBXFileReference; lastKnownFileType = sourcecode.swift; path = "Search+CoreDataProperties.swift"; sourceTree = SOURCE_ROOT; };
		B7F03FA5249FF60A0015619A /* K.swift */ = {isa = PBXFileReference; lastKnownFileType = sourcecode.swift; path = K.swift; sourceTree = "<group>"; };
		CD71BAD75A57F3B4C332B1D6 /* Pods-git_testTask.release.xcconfig */ = {isa = PBXFileReference; includeInIndex = 1; lastKnownFileType = text.xcconfig; name = "Pods-git_testTask.release.xcconfig"; path = "Target Support Files/Pods-git_testTask/Pods-git_testTask.release.xcconfig"; sourceTree = "<group>"; };
/* End PBXFileReference section */

/* Begin PBXFrameworksBuildPhase section */
		B7F03F55249FC0CF0015619A /* Frameworks */ = {
			isa = PBXFrameworksBuildPhase;
			buildActionMask = 2147483647;
			files = (
				975CA8ADEC23FB58B63F7ECB /* Pods_git_testTask.framework in Frameworks */,
			);
			runOnlyForDeploymentPostprocessing = 0;
		};
/* End PBXFrameworksBuildPhase section */

/* Begin PBXGroup section */
		0F713F1587C1A627F0AB9F59 /* Frameworks */ = {
			isa = PBXGroup;
			children = (
				5FA9E69FB1D5C1DDDDD93767 /* Pods_git_testTask.framework */,
			);
			name = Frameworks;
			sourceTree = "<group>";
		};
		3C59884F6AB8C09F59222F78 /* Pods */ = {
			isa = PBXGroup;
			children = (
				5F91AF56322BFA04F13DF70C /* Pods-git_testTask.debug.xcconfig */,
				CD71BAD75A57F3B4C332B1D6 /* Pods-git_testTask.release.xcconfig */,
			);
			path = Pods;
			sourceTree = "<group>";
		};
		B7F03F4F249FC0CF0015619A = {
			isa = PBXGroup;
			children = (
				B7F03F5A249FC0CF0015619A /* git_testTask */,
				B7F03F59249FC0CF0015619A /* Products */,
				3C59884F6AB8C09F59222F78 /* Pods */,
				0F713F1587C1A627F0AB9F59 /* Frameworks */,
			);
			sourceTree = "<group>";
		};
		B7F03F59249FC0CF0015619A /* Products */ = {
			isa = PBXGroup;
			children = (
				B7F03F58249FC0CF0015619A /* git_testTask.app */,
			);
			name = Products;
			sourceTree = "<group>";
		};
		B7F03F5A249FC0CF0015619A /* git_testTask */ = {
			isa = PBXGroup;
			children = (
				B7F03F5B249FC0CF0015619A /* AppDelegate.swift */,
				B7F03F8B249FC2220015619A /* Data */,
				B7F03F8A249FC2130015619A /* ViewControllers */,
				B7F03F88249FC1F30015619A /* RepositoryCell */,
				B7F03F89249FC2060015619A /* RepositoryPresenter */,
				B7F03FA724A140380015619A /* Resources */,
				B7F03FA5249FF60A0015619A /* K.swift */,
				B7F03F67249FC0D20015619A /* Assets.xcassets */,
				B7F03F64249FC0CF0015619A /* git_testTask.xcdatamodeld */,
			);
			path = git_testTask;
			sourceTree = "<group>";
		};
		B7F03F88249FC1F30015619A /* RepositoryCell */ = {
			isa = PBXGroup;
			children = (
				B7F03F84249FC1A00015619A /* RepositoryCellCollectionViewCell.swift */,
				B7F03F86249FC1A50015619A /* RepositoryCellCollectionViewCell.xib */,
			);
			path = RepositoryCell;
			sourceTree = "<group>";
		};
		B7F03F89249FC2060015619A /* RepositoryPresenter */ = {
			isa = PBXGroup;
			children = (
				B7F03F80249FC1950015619A /* RepositoryPresenter.swift */,
				B7F03F82249FC1990015619A /* RepositoryPresenterProtocol.swift */,
			);
			path = RepositoryPresenter;
			sourceTree = "<group>";
		};
		B7F03F8A249FC2130015619A /* ViewControllers */ = {
			isa = PBXGroup;
			children = (
				B7F03F7C249FC1880015619A /* DetailViewController.swift */,
				B7F03F7E249FC18C0015619A /* ViewController.swift */,
			);
			path = ViewControllers;
			sourceTree = "<group>";
		};
		B7F03F8B249FC2220015619A /* Data */ = {
			isa = PBXGroup;
			children = (
				B7F03F95249FC3C10015619A /* Models */,
				B7F03F76249FC1760015619A /* RepositoryAPIClient.swift */,
				B7F03F7A249FC1820015619A /* RepositoryDataManager.swift */,
			);
			path = Data;
			sourceTree = "<group>";
		};
		B7F03F95249FC3C10015619A /* Models */ = {
			isa = PBXGroup;
			children = (
				B7F03F78249FC17D0015619A /* RepositoryAPIResponse.swift */,
				B7F03F9E249FCBDB0015619A /* Search+CoreDataClass.swift */,
				B7F03F9F249FCBDB0015619A /* Search+CoreDataProperties.swift */,
				B7F03F96249FC3F80015619A /* Repository+CoreDataClass.swift */,
				B7F03F97249FC3F80015619A /* Repository+CoreDataProperties.swift */,
				B7F03F98249FC3F80015619A /* Owner+CoreDataClass.swift */,
				B7F03F99249FC3F80015619A /* Owner+CoreDataProperties.swift */,
			);
			path = Models;
			sourceTree = "<group>";
		};
		B7F03FA724A140380015619A /* Resources */ = {
			isa = PBXGroup;
			children = (
				B7F03F61249FC0CF0015619A /* Main.storyboard */,
				B7F03F69249FC0D20015619A /* LaunchScreen.storyboard */,
				B7F03F6C249FC0D20015619A /* Info.plist */,
			);
			path = Resources;
			sourceTree = "<group>";
		};
/* End PBXGroup section */

/* Begin PBXNativeTarget section */
		B7F03F57249FC0CF0015619A /* git_testTask */ = {
			isa = PBXNativeTarget;
			buildConfigurationList = B7F03F6F249FC0D20015619A /* Build configuration list for PBXNativeTarget "git_testTask" */;
			buildPhases = (
				4193F62DCF5DD0A0B0761BB7 /* [CP] Check Pods Manifest.lock */,
				B7F03F54249FC0CF0015619A /* Sources */,
				B7F03F55249FC0CF0015619A /* Frameworks */,
				B7F03F56249FC0CF0015619A /* Resources */,
				C6EA9952DC87FC84E892595D /* [CP] Embed Pods Frameworks */,
			);
			buildRules = (
			);
			dependencies = (
			);
			name = git_testTask;
			productName = git_testTask;
			productReference = B7F03F58249FC0CF0015619A /* git_testTask.app */;
			productType = "com.apple.product-type.application";
		};
/* End PBXNativeTarget section */

/* Begin PBXProject section */
		B7F03F50249FC0CF0015619A /* Project object */ = {
			isa = PBXProject;
			attributes = {
				LastSwiftUpdateCheck = 1150;
				LastUpgradeCheck = 1150;
				ORGANIZATIONNAME = "Sasha Myshkina";
				TargetAttributes = {
					B7F03F57249FC0CF0015619A = {
						CreatedOnToolsVersion = 11.5;
					};
				};
			};
			buildConfigurationList = B7F03F53249FC0CF0015619A /* Build configuration list for PBXProject "git_testTask" */;
			compatibilityVersion = "Xcode 9.3";
			developmentRegion = en;
			hasScannedForEncodings = 0;
			knownRegions = (
				en,
				Base,
			);
			mainGroup = B7F03F4F249FC0CF0015619A;
			productRefGroup = B7F03F59249FC0CF0015619A /* Products */;
			projectDirPath = "";
			projectRoot = "";
			targets = (
				B7F03F57249FC0CF0015619A /* git_testTask */,
			);
		};
/* End PBXProject section */

/* Begin PBXResourcesBuildPhase section */
		B7F03F56249FC0CF0015619A /* Resources */ = {
			isa = PBXResourcesBuildPhase;
			buildActionMask = 2147483647;
			files = (
				B7F03F87249FC1A50015619A /* RepositoryCellCollectionViewCell.xib in Resources */,
				B7F03F6B249FC0D20015619A /* LaunchScreen.storyboard in Resources */,
				B7F03F68249FC0D20015619A /* Assets.xcassets in Resources */,
				B7F03F63249FC0CF0015619A /* Main.storyboard in Resources */,
			);
			runOnlyForDeploymentPostprocessing = 0;
		};
/* End PBXResourcesBuildPhase section */

/* Begin PBXShellScriptBuildPhase section */
		4193F62DCF5DD0A0B0761BB7 /* [CP] Check Pods Manifest.lock */ = {
			isa = PBXShellScriptBuildPhase;
			buildActionMask = 2147483647;
			files = (
			);
			inputFileListPaths = (
			);
			inputPaths = (
				"${PODS_PODFILE_DIR_PATH}/Podfile.lock",
				"${PODS_ROOT}/Manifest.lock",
			);
			name = "[CP] Check Pods Manifest.lock";
			outputFileListPaths = (
			);
			outputPaths = (
				"$(DERIVED_FILE_DIR)/Pods-git_testTask-checkManifestLockResult.txt",
			);
			runOnlyForDeploymentPostprocessing = 0;
			shellPath = /bin/sh;
			shellScript = "diff \"${PODS_PODFILE_DIR_PATH}/Podfile.lock\" \"${PODS_ROOT}/Manifest.lock\" > /dev/null\nif [ $? != 0 ] ; then\n    # print error to STDERR\n    echo \"error: The sandbox is not in sync with the Podfile.lock. Run 'pod install' or update your CocoaPods installation.\" >&2\n    exit 1\nfi\n# This output is used by Xcode 'outputs' to avoid re-running this script phase.\necho \"SUCCESS\" > \"${SCRIPT_OUTPUT_FILE_0}\"\n";
			showEnvVarsInLog = 0;
		};
		C6EA9952DC87FC84E892595D /* [CP] Embed Pods Frameworks */ = {
			isa = PBXShellScriptBuildPhase;
			buildActionMask = 2147483647;
			files = (
			);
			inputFileListPaths = (
				"${PODS_ROOT}/Target Support Files/Pods-git_testTask/Pods-git_testTask-frameworks-${CONFIGURATION}-input-files.xcfilelist",
			);
			name = "[CP] Embed Pods Frameworks";
			outputFileListPaths = (
				"${PODS_ROOT}/Target Support Files/Pods-git_testTask/Pods-git_testTask-frameworks-${CONFIGURATION}-output-files.xcfilelist",
			);
			runOnlyForDeploymentPostprocessing = 0;
			shellPath = /bin/sh;
			shellScript = "\"${PODS_ROOT}/Target Support Files/Pods-git_testTask/Pods-git_testTask-frameworks.sh\"\n";
			showEnvVarsInLog = 0;
		};
/* End PBXShellScriptBuildPhase section */

/* Begin PBXSourcesBuildPhase section */
		B7F03F54249FC0CF0015619A /* Sources */ = {
			isa = PBXSourcesBuildPhase;
			buildActionMask = 2147483647;
			files = (
				B7F03F85249FC1A00015619A /* RepositoryCellCollectionViewCell.swift in Sources */,
				B7F03F9D249FC3F80015619A /* Owner+CoreDataProperties.swift in Sources */,
				B7F03F9B249FC3F80015619A /* Repository+CoreDataProperties.swift in Sources */,
				B7F03FA6249FF60A0015619A /* K.swift in Sources */,
				B7F03F79249FC17D0015619A /* RepositoryAPIResponse.swift in Sources */,
				B7F03F5C249FC0CF0015619A /* AppDelegate.swift in Sources */,
				B7F03F9A249FC3F80015619A /* Repository+CoreDataClass.swift in Sources */,
				B7F03FA2249FCE540015619A /* Search+CoreDataClass.swift in Sources */,
				B7F03FA4249FD66D0015619A /* git_testTask.xcdatamodeld in Sources */,
				B7F03F81249FC1950015619A /* RepositoryPresenter.swift in Sources */,
				B7F03F77249FC1760015619A /* RepositoryAPIClient.swift in Sources */,
				B7F03F83249FC1990015619A /* RepositoryPresenterProtocol.swift in Sources */,
				B7F03F7B249FC1820015619A /* RepositoryDataManager.swift in Sources */,
				B7F03FA3249FCE570015619A /* Search+CoreDataProperties.swift in Sources */,
				B7F03F9C249FC3F80015619A /* Owner+CoreDataClass.swift in Sources */,
				B7F03F7F249FC18C0015619A /* ViewController.swift in Sources */,
				B7F03F7D249FC1880015619A /* DetailViewController.swift in Sources */,
			);
			runOnlyForDeploymentPostprocessing = 0;
		};
/* End PBXSourcesBuildPhase section */

/* Begin PBXVariantGroup section */
		B7F03F61249FC0CF0015619A /* Main.storyboard */ = {
			isa = PBXVariantGroup;
			children = (
				B7F03F62249FC0CF0015619A /* Base */,
			);
			name = Main.storyboard;
			sourceTree = "<group>";
		};
		B7F03F69249FC0D20015619A /* LaunchScreen.storyboard */ = {
			isa = PBXVariantGroup;
			children = (
				B7F03F6A249FC0D20015619A /* Base */,
			);
			name = LaunchScreen.storyboard;
			sourceTree = "<group>";
		};
/* End PBXVariantGroup section */

/* Begin XCBuildConfiguration section */
		B7F03F6D249FC0D20015619A /* Debug */ = {
			isa = XCBuildConfiguration;
			buildSettings = {
				ALWAYS_SEARCH_USER_PATHS = NO;
				CLANG_ANALYZER_NONNULL = YES;
				CLANG_ANALYZER_NUMBER_OBJECT_CONVERSION = YES_AGGRESSIVE;
				CLANG_CXX_LANGUAGE_STANDARD = "gnu++14";
				CLANG_CXX_LIBRARY = "libc++";
				CLANG_ENABLE_MODULES = YES;
				CLANG_ENABLE_OBJC_ARC = YES;
				CLANG_ENABLE_OBJC_WEAK = YES;
				CLANG_WARN_BLOCK_CAPTURE_AUTORELEASING = YES;
				CLANG_WARN_BOOL_CONVERSION = YES;
				CLANG_WARN_COMMA = YES;
				CLANG_WARN_CONSTANT_CONVERSION = YES;
				CLANG_WARN_DEPRECATED_OBJC_IMPLEMENTATIONS = YES;
				CLANG_WARN_DIRECT_OBJC_ISA_USAGE = YES_ERROR;
				CLANG_WARN_DOCUMENTATION_COMMENTS = YES;
				CLANG_WARN_EMPTY_BODY = YES;
				CLANG_WARN_ENUM_CONVERSION = YES;
				CLANG_WARN_INFINITE_RECURSION = YES;
				CLANG_WARN_INT_CONVERSION = YES;
				CLANG_WARN_NON_LITERAL_NULL_CONVERSION = YES;
				CLANG_WARN_OBJC_IMPLICIT_RETAIN_SELF = YES;
				CLANG_WARN_OBJC_LITERAL_CONVERSION = YES;
				CLANG_WARN_OBJC_ROOT_CLASS = YES_ERROR;
				CLANG_WARN_RANGE_LOOP_ANALYSIS = YES;
				CLANG_WARN_STRICT_PROTOTYPES = YES;
				CLANG_WARN_SUSPICIOUS_MOVE = YES;
				CLANG_WARN_UNGUARDED_AVAILABILITY = YES_AGGRESSIVE;
				CLANG_WARN_UNREACHABLE_CODE = YES;
				CLANG_WARN__DUPLICATE_METHOD_MATCH = YES;
				COPY_PHASE_STRIP = NO;
				DEBUG_INFORMATION_FORMAT = dwarf;
				ENABLE_STRICT_OBJC_MSGSEND = YES;
				ENABLE_TESTABILITY = YES;
				GCC_C_LANGUAGE_STANDARD = gnu11;
				GCC_DYNAMIC_NO_PIC = NO;
				GCC_NO_COMMON_BLOCKS = YES;
				GCC_OPTIMIZATION_LEVEL = 0;
				GCC_PREPROCESSOR_DEFINITIONS = (
					"DEBUG=1",
					"$(inherited)",
				);
				GCC_WARN_64_TO_32_BIT_CONVERSION = YES;
				GCC_WARN_ABOUT_RETURN_TYPE = YES_ERROR;
				GCC_WARN_UNDECLARED_SELECTOR = YES;
				GCC_WARN_UNINITIALIZED_AUTOS = YES_AGGRESSIVE;
				GCC_WARN_UNUSED_FUNCTION = YES;
				GCC_WARN_UNUSED_VARIABLE = YES;
				IPHONEOS_DEPLOYMENT_TARGET = 13.5;
				MTL_ENABLE_DEBUG_INFO = INCLUDE_SOURCE;
				MTL_FAST_MATH = YES;
				ONLY_ACTIVE_ARCH = YES;
				SDKROOT = iphoneos;
				SWIFT_ACTIVE_COMPILATION_CONDITIONS = DEBUG;
				SWIFT_OPTIMIZATION_LEVEL = "-Onone";
			};
			name = Debug;
		};
		B7F03F6E249FC0D20015619A /* Release */ = {
			isa = XCBuildConfiguration;
			buildSettings = {
				ALWAYS_SEARCH_USER_PATHS = NO;
				CLANG_ANALYZER_NONNULL = YES;
				CLANG_ANALYZER_NUMBER_OBJECT_CONVERSION = YES_AGGRESSIVE;
				CLANG_CXX_LANGUAGE_STANDARD = "gnu++14";
				CLANG_CXX_LIBRARY = "libc++";
				CLANG_ENABLE_MODULES = YES;
				CLANG_ENABLE_OBJC_ARC = YES;
				CLANG_ENABLE_OBJC_WEAK = YES;
				CLANG_WARN_BLOCK_CAPTURE_AUTORELEASING = YES;
				CLANG_WARN_BOOL_CONVERSION = YES;
				CLANG_WARN_COMMA = YES;
				CLANG_WARN_CONSTANT_CONVERSION = YES;
				CLANG_WARN_DEPRECATED_OBJC_IMPLEMENTATIONS = YES;
				CLANG_WARN_DIRECT_OBJC_ISA_USAGE = YES_ERROR;
				CLANG_WARN_DOCUMENTATION_COMMENTS = YES;
				CLANG_WARN_EMPTY_BODY = YES;
				CLANG_WARN_ENUM_CONVERSION = YES;
				CLANG_WARN_INFINITE_RECURSION = YES;
				CLANG_WARN_INT_CONVERSION = YES;
				CLANG_WARN_NON_LITERAL_NULL_CONVERSION = YES;
				CLANG_WARN_OBJC_IMPLICIT_RETAIN_SELF = YES;
				CLANG_WARN_OBJC_LITERAL_CONVERSION = YES;
				CLANG_WARN_OBJC_ROOT_CLASS = YES_ERROR;
				CLANG_WARN_RANGE_LOOP_ANALYSIS = YES;
				CLANG_WARN_STRICT_PROTOTYPES = YES;
				CLANG_WARN_SUSPICIOUS_MOVE = YES;
				CLANG_WARN_UNGUARDED_AVAILABILITY = YES_AGGRESSIVE;
				CLANG_WARN_UNREACHABLE_CODE = YES;
				CLANG_WARN__DUPLICATE_METHOD_MATCH = YES;
				COPY_PHASE_STRIP = NO;
				DEBUG_INFORMATION_FORMAT = "dwarf-with-dsym";
				ENABLE_NS_ASSERTIONS = NO;
				ENABLE_STRICT_OBJC_MSGSEND = YES;
				GCC_C_LANGUAGE_STANDARD = gnu11;
				GCC_NO_COMMON_BLOCKS = YES;
				GCC_WARN_64_TO_32_BIT_CONVERSION = YES;
				GCC_WARN_ABOUT_RETURN_TYPE = YES_ERROR;
				GCC_WARN_UNDECLARED_SELECTOR = YES;
				GCC_WARN_UNINITIALIZED_AUTOS = YES_AGGRESSIVE;
				GCC_WARN_UNUSED_FUNCTION = YES;
				GCC_WARN_UNUSED_VARIABLE = YES;
				IPHONEOS_DEPLOYMENT_TARGET = 13.5;
				MTL_ENABLE_DEBUG_INFO = NO;
				MTL_FAST_MATH = YES;
				SDKROOT = iphoneos;
				SWIFT_COMPILATION_MODE = wholemodule;
				SWIFT_OPTIMIZATION_LEVEL = "-O";
				VALIDATE_PRODUCT = YES;
			};
			name = Release;
		};
		B7F03F70249FC0D20015619A /* Debug */ = {
			isa = XCBuildConfiguration;
			baseConfigurationReference = 5F91AF56322BFA04F13DF70C /* Pods-git_testTask.debug.xcconfig */;
			buildSettings = {
				ASSETCATALOG_COMPILER_APPICON_NAME = AppIcon;
				CODE_SIGN_IDENTITY = "Apple Development";
				CODE_SIGN_STYLE = Automatic;
				DEVELOPMENT_TEAM = 3BLD8S6NZS;
				INFOPLIST_FILE = git_testTask/Info.plist;
				IPHONEOS_DEPLOYMENT_TARGET = 12.0;
				LD_RUNPATH_SEARCH_PATHS = (
					"$(inherited)",
					"@executable_path/Frameworks",
				);
				PRODUCT_BUNDLE_IDENTIFIER = "com.myshkina.git-testTask";
				PRODUCT_NAME = "$(TARGET_NAME)";
				PROVISIONING_PROFILE_SPECIFIER = "";
				SWIFT_VERSION = 5.0;
				TARGETED_DEVICE_FAMILY = "1,2";
			};
			name = Debug;
		};
		B7F03F71249FC0D20015619A /* Release */ = {
			isa = XCBuildConfiguration;
			baseConfigurationReference = CD71BAD75A57F3B4C332B1D6 /* Pods-git_testTask.release.xcconfig */;
			buildSettings = {
				ASSETCATALOG_COMPILER_APPICON_NAME = AppIcon;
				CODE_SIGN_IDENTITY = "Apple Development";
				CODE_SIGN_STYLE = Automatic;
				DEVELOPMENT_TEAM = 3BLD8S6NZS;
				INFOPLIST_FILE = git_testTask/Info.plist;
				IPHONEOS_DEPLOYMENT_TARGET = 12.0;
				LD_RUNPATH_SEARCH_PATHS = (
					"$(inherited)",
					"@executable_path/Frameworks",
				);
				PRODUCT_BUNDLE_IDENTIFIER = "com.myshkina.git-testTask";
				PRODUCT_NAME = "$(TARGET_NAME)";
				PROVISIONING_PROFILE_SPECIFIER = "";
				SWIFT_VERSION = 5.0;
				TARGETED_DEVICE_FAMILY = "1,2";
			};
			name = Release;
		};
/* End XCBuildConfiguration section */

/* Begin XCConfigurationList section */
		B7F03F53249FC0CF0015619A /* Build configuration list for PBXProject "git_testTask" */ = {
			isa = XCConfigurationList;
			buildConfigurations = (
				B7F03F6D249FC0D20015619A /* Debug */,
				B7F03F6E249FC0D20015619A /* Release */,
			);
			defaultConfigurationIsVisible = 0;
			defaultConfigurationName = Release;
		};
		B7F03F6F249FC0D20015619A /* Build configuration list for PBXNativeTarget "git_testTask" */ = {
			isa = XCConfigurationList;
			buildConfigurations = (
				B7F03F70249FC0D20015619A /* Debug */,
				B7F03F71249FC0D20015619A /* Release */,
			);
			defaultConfigurationIsVisible = 0;
			defaultConfigurationName = Release;
		};
/* End XCConfigurationList section */

/* Begin XCVersionGroup section */
		B7F03F64249FC0CF0015619A /* git_testTask.xcdatamodeld */ = {
			isa = XCVersionGroup;
			children = (
				B7F03F65249FC0CF0015619A /* git_testTask.xcdatamodel */,
			);
			currentVersion = B7F03F65249FC0CF0015619A /* git_testTask.xcdatamodel */;
			path = git_testTask.xcdatamodeld;
			sourceTree = "<group>";
			versionGroupType = wrapper.xcdatamodel;
		};
/* End XCVersionGroup section */
	};
	rootObject = B7F03F50249FC0CF0015619A /* Project object */;
}
